
Microsoft Visual Studio Solution File, Format Version 12.00
# Visual Studio Version 17
VisualStudioVersion = 17.0.32126.317
MinimumVisualStudioVersion = 10.0.40219.1
Project("{9A19103F-16F7-4668-BE54-9A1E7A4F7556}") = "Mark.Up.Hub.web", "OnlineShop web\Mark.Up.Hub.web.csproj", "{9933D347-BE82-4298-AEBF-17C5378D9A9A}"
EndProject
Project("{9A19103F-16F7-4668-BE54-9A1E7A4F7556}") = "Mark.Up.Hub.api", "ShopOnline.api\Mark.Up.Hub.api.csproj", "{43178018-ED34-4B1B-A2ED-DF25735DACA2}"
EndProject
Project("{9A19103F-16F7-4668-BE54-9A1E7A4F7556}") = "Mark.Up.Hub.Models", "ShopOnline.Models\Mark.Up.Hub.Models.csproj", "{DE4425AF-0926-4E9F-9BCC-ADCAF4785DEA}"
EndProject
Global
	GlobalSection(SolutionConfigurationPlatforms) = preSolution
		Debug|Any CPU = Debug|Any CPU
		Release|Any CPU = Release|Any CPU
	EndGlobalSection
	GlobalSection(ProjectConfigurationPlatforms) = postSolution
		{9933D347-BE82-4298-AEBF-17C5378D9A9A}.Debug|Any CPU.ActiveCfg = Debug|Any CPU
		{9933D347-BE82-4298-AEBF-17C5378D9A9A}.Debug|Any CPU.Build.0 = Debug|Any CPU
		{9933D347-BE82-4298-AEBF-17C5378D9A9A}.Release|Any CPU.ActiveCfg = Release|Any CPU
		{9933D347-BE82-4298-AEBF-17C5378D9A9A}.Release|Any CPU.Build.0 = Release|Any CPU
		{43178018-ED34-4B1B-A2ED-DF25735DACA2}.Debug|Any CPU.ActiveCfg = Debug|Any CPU
		{43178018-ED34-4B1B-A2ED-DF25735DACA2}.Debug|Any CPU.Build.0 = Debug|Any CPU
		{43178018-ED34-4B1B-A2ED-DF25735DACA2}.Release|Any CPU.ActiveCfg = Release|Any CPU
		{43178018-ED34-4B1B-A2ED-DF25735DACA2}.Release|Any CPU.Build.0 = Release|Any CPU
		{DE4425AF-0926-4E9F-9BCC-ADCAF4785DEA}.Debug|Any CPU.ActiveCfg = Debug|Any CPU
		{DE4425AF-0926-4E9F-9BCC-ADCAF4785DEA}.Debug|Any CPU.Build.0 = Debug|Any CPU
		{DE4425AF-0926-4E9F-9BCC-ADCAF4785DEA}.Release|Any CPU.ActiveCfg = Release|Any CPU
		{DE4425AF-0926-4E9F-9BCC-ADCAF4785DEA}.Release|Any CPU.Build.0 = Release|Any CPU
	EndGlobalSection
	GlobalSection(SolutionProperties) = preSolution
		HideSolutionNode = FALSE
	EndGlobalSection
	GlobalSection(ExtensibilityGlobals) = postSolution
		SolutionGuid = {69CD0727-D6E6-4A5F-854F-8B763F78C55B}
	EndGlobalSection
EndGlobal
